
Microsoft Visual Studio Solution File, Format Version 12.00
# Visual Studio Version 16
VisualStudioVersion = 16.0.31313.79
MinimumVisualStudioVersion = 10.0.40219.1
Project("{FAE04EC0-301F-11D3-BF4B-00C04F79EFBC}") = "WebRetos", "WebRetos\WebRetos.csproj", "{72502D22-BFB3-4A85-B6E1-AC88DE357DA0}"
EndProject
Global
	GlobalSection(SolutionConfigurationPlatforms) = preSolution
		Debug|Any CPU = Debug|Any CPU
		Release|Any CPU = Release|Any CPU
	EndGlobalSection
	GlobalSection(ProjectConfigurationPlatforms) = postSolution
		{72502D22-BFB3-4A85-B6E1-AC88DE357DA0}.Debug|Any CPU.ActiveCfg = Debug|Any CPU
		{72502D22-BFB3-4A85-B6E1-AC88DE357DA0}.Debug|Any CPU.Build.0 = Debug|Any CPU
		{72502D22-BFB3-4A85-B6E1-AC88DE357DA0}.Release|Any CPU.ActiveCfg = Release|Any CPU
		{72502D22-BFB3-4A85-B6E1-AC88DE357DA0}.Release|Any CPU.Build.0 = Release|Any CPU
	EndGlobalSection
	GlobalSection(SolutionProperties) = preSolution
		HideSolutionNode = FALSE
	EndGlobalSection
	GlobalSection(ExtensibilityGlobals) = postSolution
		SolutionGuid = {F3553431-7A34-4887-AA2C-76862CDA4CC4}
	EndGlobalSection
EndGlobal
